// !$*UTF8*$!
{
	archiveVersion = 1;
	classes = {
	};
	objectVersion = 50;
	objects = {

/* Begin PBXBuildFile section */
		C54B480723322A2400B97560 /* Shader.metal in Sources */ = {isa = PBXBuildFile; fileRef = C54B480623322A2400B97560 /* Shader.metal */; };
		C58A458023279F4900F7462B /* cat.scn in Resources */ = {isa = PBXBuildFile; fileRef = C58A457F23279F4900F7462B /* cat.scn */; };
		C58A458223279F7E00F7462B /* SceneKitView.swift in Sources */ = {isa = PBXBuildFile; fileRef = C58A458123279F7E00F7462B /* SceneKitView.swift */; };
		C58A45842327A4BC00F7462B /* CatScene.swift in Sources */ = {isa = PBXBuildFile; fileRef = C58A45832327A4BC00F7462B /* CatScene.swift */; };
		C58A45862327A71B00F7462B /* AnimationTextField.swift in Sources */ = {isa = PBXBuildFile; fileRef = C58A45852327A71B00F7462B /* AnimationTextField.swift */; };
		C58A45882327D36600F7462B /* ZStackCard.swift in Sources */ = {isa = PBXBuildFile; fileRef = C58A45872327D36600F7462B /* ZStackCard.swift */; };
		C599FE302326502300F83BCC /* AppDelegate.swift in Sources */ = {isa = PBXBuildFile; fileRef = C599FE2F2326502300F83BCC /* AppDelegate.swift */; };
		C599FE322326502300F83BCC /* SceneDelegate.swift in Sources */ = {isa = PBXBuildFile; fileRef = C599FE312326502300F83BCC /* SceneDelegate.swift */; };
		C599FE342326502300F83BCC /* ContentView.swift in Sources */ = {isa = PBXBuildFile; fileRef = C599FE332326502300F83BCC /* ContentView.swift */; };
		C599FE362326502600F83BCC /* Assets.xcassets in Resources */ = {isa = PBXBuildFile; fileRef = C599FE352326502600F83BCC /* Assets.xcassets */; };
		C599FE392326502600F83BCC /* Preview Assets.xcassets in Resources */ = {isa = PBXBuildFile; fileRef = C599FE382326502600F83BCC /* Preview Assets.xcassets */; };
		C599FE3C2326502600F83BCC /* LaunchScreen.storyboard in Resources */ = {isa = PBXBuildFile; fileRef = C599FE3A2326502600F83BCC /* LaunchScreen.storyboard */; };
		C599FE45232651C400F83BCC /* PlusASecond.swift in Sources */ = {isa = PBXBuildFile; fileRef = C599FE44232651C400F83BCC /* PlusASecond.swift */; };
		C599FE4723266C9100F83BCC /* DarkModeTest.swift in Sources */ = {isa = PBXBuildFile; fileRef = C599FE4623266C9100F83BCC /* DarkModeTest.swift */; };
		C599FE492326746200F83BCC /* ColorMixer.swift in Sources */ = {isa = PBXBuildFile; fileRef = C599FE482326746200F83BCC /* ColorMixer.swift */; };
		C599FE4B2326A64F00F83BCC /* TypefaceComparison.swift in Sources */ = {isa = PBXBuildFile; fileRef = C599FE4A2326A64F00F83BCC /* TypefaceComparison.swift */; };
		C5B1B01A2334EC9C007CE9D7 /* Sun.swift in Sources */ = {isa = PBXBuildFile; fileRef = C5B1B0192334EC9C007CE9D7 /* Sun.swift */; };
		C5B1B01C2334ECB9007CE9D7 /* MathView.swift in Sources */ = {isa = PBXBuildFile; fileRef = C5B1B01B2334ECB9007CE9D7 /* MathView.swift */; };
		C5B1B01E2334EDAB007CE9D7 /* Sun.metal in Sources */ = {isa = PBXBuildFile; fileRef = C5B1B01D2334EDAB007CE9D7 /* Sun.metal */; };
		C5F83A49233288120002BEC8 /* MetalView.swift in Sources */ = {isa = PBXBuildFile; fileRef = C5F83A48233288120002BEC8 /* MetalView.swift */; };
		C5F83A4B23328B710002BEC8 /* MetalCanvas.swift in Sources */ = {isa = PBXBuildFile; fileRef = C5F83A4A23328B710002BEC8 /* MetalCanvas.swift */; };
		C5F83A4D23328E860002BEC8 /* MetalTest.swift in Sources */ = {isa = PBXBuildFile; fileRef = C5F83A4C23328E860002BEC8 /* MetalTest.swift */; };
		C5FEC3F02332469700AB7875 /* MathUtils.swift in Sources */ = {isa = PBXBuildFile; fileRef = C5FEC3EF2332469700AB7875 /* MathUtils.swift */; };
/* End PBXBuildFile section */

/* Begin PBXFileReference section */
		C54B480623322A2400B97560 /* Shader.metal */ = {isa = PBXFileReference; lastKnownFileType = sourcecode.metal; path = Shader.metal; sourceTree = "<group>"; };
		C58A457F23279F4900F7462B /* cat.scn */ = {isa = PBXFileReference; lastKnownFileType = file.bplist; path = cat.scn; sourceTree = "<group>"; };
		C58A458123279F7E00F7462B /* SceneKitView.swift */ = {isa = PBXFileReference; lastKnownFileType = sourcecode.swift; path = SceneKitView.swift; sourceTree = "<group>"; };
		C58A45832327A4BC00F7462B /* CatScene.swift */ = {isa = PBXFileReference; lastKnownFileType = sourcecode.swift; path = CatScene.swift; sourceTree = "<group>"; };
		C58A45852327A71B00F7462B /* AnimationTextField.swift */ = {isa = PBXFileReference; lastKnownFileType = sourcecode.swift; path = AnimationTextField.swift; sourceTree = "<group>"; };
		C58A45872327D36600F7462B /* ZStackCard.swift */ = {isa = PBXFileReference; lastKnownFileType = sourcecode.swift; path = ZStackCard.swift; sourceTree = "<group>"; };
		C599FE2C2326502200F83BCC /* SwiftUI30.app */ = {isa = PBXFileReference; explicitFileType = wrapper.application; includeInIndex = 0; path = SwiftUI30.app; sourceTree = BUILT_PRODUCTS_DIR; };
		C599FE2F2326502300F83BCC /* AppDelegate.swift */ = {isa = PBXFileReference; lastKnownFileType = sourcecode.swift; path = AppDelegate.swift; sourceTree = "<group>"; };
		C599FE312326502300F83BCC /* SceneDelegate.swift */ = {isa = PBXFileReference; lastKnownFileType = sourcecode.swift; path = SceneDelegate.swift; sourceTree = "<group>"; };
		C599FE332326502300F83BCC /* ContentView.swift */ = {isa = PBXFileReference; lastKnownFileType = sourcecode.swift; path = ContentView.swift; sourceTree = "<group>"; };
		C599FE352326502600F83BCC /* Assets.xcassets */ = {isa = PBXFileReference; lastKnownFileType = folder.assetcatalog; path = Assets.xcassets; sourceTree = "<group>"; };
		C599FE382326502600F83BCC /* Preview Assets.xcassets */ = {isa = PBXFileReference; lastKnownFileType = folder.assetcatalog; path = "Preview Assets.xcassets"; sourceTree = "<group>"; };
		C599FE3B2326502600F83BCC /* Base */ = {isa = PBXFileReference; lastKnownFileType = file.storyboard; name = Base; path = Base.lproj/LaunchScreen.storyboard; sourceTree = "<group>"; };
		C599FE3D2326502600F83BCC /* Info.plist */ = {isa = PBXFileReference; lastKnownFileType = text.plist.xml; path = Info.plist; sourceTree = "<group>"; };
		C599FE44232651C400F83BCC /* PlusASecond.swift */ = {isa = PBXFileReference; lastKnownFileType = sourcecode.swift; path = PlusASecond.swift; sourceTree = "<group>"; };
		C599FE4623266C9100F83BCC /* DarkModeTest.swift */ = {isa = PBXFileReference; lastKnownFileType = sourcecode.swift; path = DarkModeTest.swift; sourceTree = "<group>"; };
		C599FE482326746200F83BCC /* ColorMixer.swift */ = {isa = PBXFileReference; lastKnownFileType = sourcecode.swift; path = ColorMixer.swift; sourceTree = "<group>"; };
		C599FE4A2326A64F00F83BCC /* TypefaceComparison.swift */ = {isa = PBXFileReference; lastKnownFileType = sourcecode.swift; path = TypefaceComparison.swift; sourceTree = "<group>"; };
		C5B1B0192334EC9C007CE9D7 /* Sun.swift */ = {isa = PBXFileReference; lastKnownFileType = sourcecode.swift; path = Sun.swift; sourceTree = "<group>"; };
		C5B1B01B2334ECB9007CE9D7 /* MathView.swift */ = {isa = PBXFileReference; lastKnownFileType = sourcecode.swift; path = MathView.swift; sourceTree = "<group>"; };
		C5B1B01D2334EDAB007CE9D7 /* Sun.metal */ = {isa = PBXFileReference; lastKnownFileType = sourcecode.metal; path = Sun.metal; sourceTree = "<group>"; };
		C5F83A48233288120002BEC8 /* MetalView.swift */ = {isa = PBXFileReference; lastKnownFileType = sourcecode.swift; path = MetalView.swift; sourceTree = "<group>"; };
		C5F83A4A23328B710002BEC8 /* MetalCanvas.swift */ = {isa = PBXFileReference; lastKnownFileType = sourcecode.swift; path = MetalCanvas.swift; sourceTree = "<group>"; };
		C5F83A4C23328E860002BEC8 /* MetalTest.swift */ = {isa = PBXFileReference; lastKnownFileType = sourcecode.swift; path = MetalTest.swift; sourceTree = "<group>"; };
		C5FEC3EF2332469700AB7875 /* MathUtils.swift */ = {isa = PBXFileReference; lastKnownFileType = sourcecode.swift; path = MathUtils.swift; sourceTree = "<group>"; };
/* End PBXFileReference section */

/* Begin PBXFrameworksBuildPhase section */
		C599FE292326502200F83BCC /* Frameworks */ = {
			isa = PBXFrameworksBuildPhase;
			buildActionMask = 2147483647;
			files = (
			);
			runOnlyForDeploymentPostprocessing = 0;
		};
/* End PBXFrameworksBuildPhase section */

/* Begin PBXGroup section */
		C54B4805233229F000B97560 /* MetalFile */ = {
			isa = PBXGroup;
			children = (
				C54B480623322A2400B97560 /* Shader.metal */,
				C5B1B01D2334EDAB007CE9D7 /* Sun.metal */,
			);
			path = MetalFile;
			sourceTree = "<group>";
		};
		C58A457E23279F1500F7462B /* 3DModel */ = {
			isa = PBXGroup;
			children = (
				C58A457F23279F4900F7462B /* cat.scn */,
			);
			path = 3DModel;
			sourceTree = "<group>";
		};
		C599FE232326502200F83BCC = {
			isa = PBXGroup;
			children = (
				C599FE2E2326502300F83BCC /* SwiftUI30 */,
				C599FE2D2326502200F83BCC /* Products */,
			);
			sourceTree = "<group>";
		};
		C599FE2D2326502200F83BCC /* Products */ = {
			isa = PBXGroup;
			children = (
				C599FE2C2326502200F83BCC /* SwiftUI30.app */,
			);
			name = Products;
			sourceTree = "<group>";
		};
		C599FE2E2326502300F83BCC /* SwiftUI30 */ = {
			isa = PBXGroup;
			children = (
				C5FEC3EE2332467500AB7875 /* Utils */,
				C54B4805233229F000B97560 /* MetalFile */,
				C58A457E23279F1500F7462B /* 3DModel */,
				C599FE432326518700F83BCC /* SubPage */,
				C599FE2F2326502300F83BCC /* AppDelegate.swift */,
				C599FE312326502300F83BCC /* SceneDelegate.swift */,
				C599FE332326502300F83BCC /* ContentView.swift */,
				C599FE352326502600F83BCC /* Assets.xcassets */,
				C599FE3A2326502600F83BCC /* LaunchScreen.storyboard */,
				C599FE3D2326502600F83BCC /* Info.plist */,
				C599FE372326502600F83BCC /* Preview Content */,
			);
			path = SwiftUI30;
			sourceTree = "<group>";
		};
		C599FE372326502600F83BCC /* Preview Content */ = {
			isa = PBXGroup;
			children = (
				C599FE382326502600F83BCC /* Preview Assets.xcassets */,
			);
			path = "Preview Content";
			sourceTree = "<group>";
		};
		C599FE432326518700F83BCC /* SubPage */ = {
			isa = PBXGroup;
			children = (
				C5B1B0182334EC03007CE9D7 /* MetalView */,
				C599FE44232651C400F83BCC /* PlusASecond.swift */,
				C599FE4623266C9100F83BCC /* DarkModeTest.swift */,
				C599FE482326746200F83BCC /* ColorMixer.swift */,
				C599FE4A2326A64F00F83BCC /* TypefaceComparison.swift */,
				C58A458123279F7E00F7462B /* SceneKitView.swift */,
				C58A45832327A4BC00F7462B /* CatScene.swift */,
				C58A45852327A71B00F7462B /* AnimationTextField.swift */,
				C58A45872327D36600F7462B /* ZStackCard.swift */,
			);
			path = SubPage;
			sourceTree = "<group>";
		};
		C5B1B0182334EC03007CE9D7 /* MetalView */ = {
			isa = PBXGroup;
			children = (
				C5F83A48233288120002BEC8 /* MetalView.swift */,
				C5F83A4A23328B710002BEC8 /* MetalCanvas.swift */,
				C5F83A4C23328E860002BEC8 /* MetalTest.swift */,
				C5B1B0192334EC9C007CE9D7 /* Sun.swift */,
				C5B1B01B2334ECB9007CE9D7 /* MathView.swift */,
			);
			path = MetalView;
			sourceTree = "<group>";
		};
		C5FEC3EE2332467500AB7875 /* Utils */ = {
			isa = PBXGroup;
			children = (
				C5FEC3EF2332469700AB7875 /* MathUtils.swift */,
			);
			path = Utils;
			sourceTree = "<group>";
		};
/* End PBXGroup section */

/* Begin PBXNativeTarget section */
		C599FE2B2326502200F83BCC /* SwiftUI30 */ = {
			isa = PBXNativeTarget;
			buildConfigurationList = C599FE402326502600F83BCC /* Build configuration list for PBXNativeTarget "SwiftUI30" */;
			buildPhases = (
				C599FE282326502200F83BCC /* Sources */,
				C599FE292326502200F83BCC /* Frameworks */,
				C599FE2A2326502200F83BCC /* Resources */,
			);
			buildRules = (
			);
			dependencies = (
			);
			name = SwiftUI30;
			productName = SwiftUI30;
			productReference = C599FE2C2326502200F83BCC /* SwiftUI30.app */;
			productType = "com.apple.product-type.application";
		};
/* End PBXNativeTarget section */

/* Begin PBXProject section */
		C599FE242326502200F83BCC /* Project object */ = {
			isa = PBXProject;
			attributes = {
				LastSwiftUpdateCheck = 1100;
				LastUpgradeCheck = 1100;
				ORGANIZATIONNAME = RainZhong;
				TargetAttributes = {
					C599FE2B2326502200F83BCC = {
						CreatedOnToolsVersion = 11.0;
					};
				};
			};
			buildConfigurationList = C599FE272326502200F83BCC /* Build configuration list for PBXProject "SwiftUI30" */;
			compatibilityVersion = "Xcode 9.3";
			developmentRegion = en;
			hasScannedForEncodings = 0;
			knownRegions = (
				en,
				Base,
			);
			mainGroup = C599FE232326502200F83BCC;
			productRefGroup = C599FE2D2326502200F83BCC /* Products */;
			projectDirPath = "";
			projectRoot = "";
			targets = (
				C599FE2B2326502200F83BCC /* SwiftUI30 */,
			);
		};
/* End PBXProject section */

/* Begin PBXResourcesBuildPhase section */
		C599FE2A2326502200F83BCC /* Resources */ = {
			isa = PBXResourcesBuildPhase;
			buildActionMask = 2147483647;
			files = (
				C599FE3C2326502600F83BCC /* LaunchScreen.storyboard in Resources */,
				C58A458023279F4900F7462B /* cat.scn in Resources */,
				C599FE392326502600F83BCC /* Preview Assets.xcassets in Resources */,
				C599FE362326502600F83BCC /* Assets.xcassets in Resources */,
			);
			runOnlyForDeploymentPostprocessing = 0;
		};
/* End PBXResourcesBuildPhase section */

/* Begin PBXSourcesBuildPhase section */
		C599FE282326502200F83BCC /* Sources */ = {
			isa = PBXSourcesBuildPhase;
			buildActionMask = 2147483647;
			files = (
				C5F83A49233288120002BEC8 /* MetalView.swift in Sources */,
				C58A45862327A71B00F7462B /* AnimationTextField.swift in Sources */,
				C599FE302326502300F83BCC /* AppDelegate.swift in Sources */,
				C54B480723322A2400B97560 /* Shader.metal in Sources */,
				C599FE45232651C400F83BCC /* PlusASecond.swift in Sources */,
				C599FE4723266C9100F83BCC /* DarkModeTest.swift in Sources */,
				C58A45882327D36600F7462B /* ZStackCard.swift in Sources */,
				C599FE322326502300F83BCC /* SceneDelegate.swift in Sources */,
				C599FE342326502300F83BCC /* ContentView.swift in Sources */,
				C58A45842327A4BC00F7462B /* CatScene.swift in Sources */,
				C5F83A4D23328E860002BEC8 /* MetalTest.swift in Sources */,
				C599FE4B2326A64F00F83BCC /* TypefaceComparison.swift in Sources */,
				C5FEC3F02332469700AB7875 /* MathUtils.swift in Sources */,
				C5B1B01C2334ECB9007CE9D7 /* MathView.swift in Sources */,
				C5B1B01E2334EDAB007CE9D7 /* Sun.metal in Sources */,
				C5B1B01A2334EC9C007CE9D7 /* Sun.swift in Sources */,
				C58A458223279F7E00F7462B /* SceneKitView.swift in Sources */,
				C599FE492326746200F83BCC /* ColorMixer.swift in Sources */,
				C5F83A4B23328B710002BEC8 /* MetalCanvas.swift in Sources */,
			);
			runOnlyForDeploymentPostprocessing = 0;
		};
/* End PBXSourcesBuildPhase section */

/* Begin PBXVariantGroup section */
		C599FE3A2326502600F83BCC /* LaunchScreen.storyboard */ = {
			isa = PBXVariantGroup;
			children = (
				C599FE3B2326502600F83BCC /* Base */,
			);
			name = LaunchScreen.storyboard;
			sourceTree = "<group>";
		};
/* End PBXVariantGroup section */

/* Begin XCBuildConfiguration section */
		C599FE3E2326502600F83BCC /* Debug */ = {
			isa = XCBuildConfiguration;
			buildSettings = {
				ALWAYS_SEARCH_USER_PATHS = NO;
				CLANG_ANALYZER_NONNULL = YES;
				CLANG_ANALYZER_NUMBER_OBJECT_CONVERSION = YES_AGGRESSIVE;
				CLANG_CXX_LANGUAGE_STANDARD = "gnu++14";
				CLANG_CXX_LIBRARY = "libc++";
				CLANG_ENABLE_MODULES = YES;
				CLANG_ENABLE_OBJC_ARC = YES;
				CLANG_ENABLE_OBJC_WEAK = YES;
				CLANG_WARN_BLOCK_CAPTURE_AUTORELEASING = YES;
				CLANG_WARN_BOOL_CONVERSION = YES;
				CLANG_WARN_COMMA = YES;
				CLANG_WARN_CONSTANT_CONVERSION = YES;
				CLANG_WARN_DEPRECATED_OBJC_IMPLEMENTATIONS = YES;
				CLANG_WARN_DIRECT_OBJC_ISA_USAGE = YES_ERROR;
				CLANG_WARN_DOCUMENTATION_COMMENTS = YES;
				CLANG_WARN_EMPTY_BODY = YES;
				CLANG_WARN_ENUM_CONVERSION = YES;
				CLANG_WARN_INFINITE_RECURSION = YES;
				CLANG_WARN_INT_CONVERSION = YES;
				CLANG_WARN_NON_LITERAL_NULL_CONVERSION = YES;
				CLANG_WARN_OBJC_IMPLICIT_RETAIN_SELF = YES;
				CLANG_WARN_OBJC_LITERAL_CONVERSION = YES;
				CLANG_WARN_OBJC_ROOT_CLASS = YES_ERROR;
				CLANG_WARN_RANGE_LOOP_ANALYSIS = YES;
				CLANG_WARN_STRICT_PROTOTYPES = YES;
				CLANG_WARN_SUSPICIOUS_MOVE = YES;
				CLANG_WARN_UNGUARDED_AVAILABILITY = YES_AGGRESSIVE;
				CLANG_WARN_UNREACHABLE_CODE = YES;
				CLANG_WARN__DUPLICATE_METHOD_MATCH = YES;
				COPY_PHASE_STRIP = NO;
				DEBUG_INFORMATION_FORMAT = dwarf;
				ENABLE_STRICT_OBJC_MSGSEND = YES;
				ENABLE_TESTABILITY = YES;
				GCC_C_LANGUAGE_STANDARD = gnu11;
				GCC_DYNAMIC_NO_PIC = NO;
				GCC_NO_COMMON_BLOCKS = YES;
				GCC_OPTIMIZATION_LEVEL = 0;
				GCC_PREPROCESSOR_DEFINITIONS = (
					"DEBUG=1",
					"$(inherited)",
				);
				GCC_WARN_64_TO_32_BIT_CONVERSION = YES;
				GCC_WARN_ABOUT_RETURN_TYPE = YES_ERROR;
				GCC_WARN_UNDECLARED_SELECTOR = YES;
				GCC_WARN_UNINITIALIZED_AUTOS = YES_AGGRESSIVE;
				GCC_WARN_UNUSED_FUNCTION = YES;
				GCC_WARN_UNUSED_VARIABLE = YES;
				IPHONEOS_DEPLOYMENT_TARGET = 13.0;
				MTL_ENABLE_DEBUG_INFO = INCLUDE_SOURCE;
				MTL_FAST_MATH = YES;
				ONLY_ACTIVE_ARCH = YES;
				SDKROOT = iphoneos;
				SWIFT_ACTIVE_COMPILATION_CONDITIONS = DEBUG;
				SWIFT_OPTIMIZATION_LEVEL = "-Onone";
			};
			name = Debug;
		};
		C599FE3F2326502600F83BCC /* Release */ = {
			isa = XCBuildConfiguration;
			buildSettings = {
				ALWAYS_SEARCH_USER_PATHS = NO;
				CLANG_ANALYZER_NONNULL = YES;
				CLANG_ANALYZER_NUMBER_OBJECT_CONVERSION = YES_AGGRESSIVE;
				CLANG_CXX_LANGUAGE_STANDARD = "gnu++14";
				CLANG_CXX_LIBRARY = "libc++";
				CLANG_ENABLE_MODULES = YES;
				CLANG_ENABLE_OBJC_ARC = YES;
				CLANG_ENABLE_OBJC_WEAK = YES;
				CLANG_WARN_BLOCK_CAPTURE_AUTORELEASING = YES;
				CLANG_WARN_BOOL_CONVERSION = YES;
				CLANG_WARN_COMMA = YES;
				CLANG_WARN_CONSTANT_CONVERSION = YES;
				CLANG_WARN_DEPRECATED_OBJC_IMPLEMENTATIONS = YES;
				CLANG_WARN_DIRECT_OBJC_ISA_USAGE = YES_ERROR;
				CLANG_WARN_DOCUMENTATION_COMMENTS = YES;
				CLANG_WARN_EMPTY_BODY = YES;
				CLANG_WARN_ENUM_CONVERSION = YES;
				CLANG_WARN_INFINITE_RECURSION = YES;
				CLANG_WARN_INT_CONVERSION = YES;
				CLANG_WARN_NON_LITERAL_NULL_CONVERSION = YES;
				CLANG_WARN_OBJC_IMPLICIT_RETAIN_SELF = YES;
				CLANG_WARN_OBJC_LITERAL_CONVERSION = YES;
				CLANG_WARN_OBJC_ROOT_CLASS = YES_ERROR;
				CLANG_WARN_RANGE_LOOP_ANALYSIS = YES;
				CLANG_WARN_STRICT_PROTOTYPES = YES;
				CLANG_WARN_SUSPICIOUS_MOVE = YES;
				CLANG_WARN_UNGUARDED_AVAILABILITY = YES_AGGRESSIVE;
				CLANG_WARN_UNREACHABLE_CODE = YES;
				CLANG_WARN__DUPLICATE_METHOD_MATCH = YES;
				COPY_PHASE_STRIP = NO;
				DEBUG_INFORMATION_FORMAT = "dwarf-with-dsym";
				ENABLE_NS_ASSERTIONS = NO;
				ENABLE_STRICT_OBJC_MSGSEND = YES;
				GCC_C_LANGUAGE_STANDARD = gnu11;
				GCC_NO_COMMON_BLOCKS = YES;
				GCC_WARN_64_TO_32_BIT_CONVERSION = YES;
				GCC_WARN_ABOUT_RETURN_TYPE = YES_ERROR;
				GCC_WARN_UNDECLARED_SELECTOR = YES;
				GCC_WARN_UNINITIALIZED_AUTOS = YES_AGGRESSIVE;
				GCC_WARN_UNUSED_FUNCTION = YES;
				GCC_WARN_UNUSED_VARIABLE = YES;
				IPHONEOS_DEPLOYMENT_TARGET = 13.0;
				MTL_ENABLE_DEBUG_INFO = NO;
				MTL_FAST_MATH = YES;
				SDKROOT = iphoneos;
				SWIFT_COMPILATION_MODE = wholemodule;
				SWIFT_OPTIMIZATION_LEVEL = "-O";
				VALIDATE_PRODUCT = YES;
			};
			name = Release;
		};
		C599FE412326502600F83BCC /* Debug */ = {
			isa = XCBuildConfiguration;
			buildSettings = {
				ASSETCATALOG_COMPILER_APPICON_NAME = AppIcon;
				CODE_SIGN_STYLE = Automatic;
				DEVELOPMENT_ASSET_PATHS = "\"SwiftUI30/Preview Content\"";
				DEVELOPMENT_TEAM = C298SCCV42;
				ENABLE_PREVIEWS = YES;
				INFOPLIST_FILE = SwiftUI30/Info.plist;
				LD_RUNPATH_SEARCH_PATHS = (
					"$(inherited)",
					"@executable_path/Frameworks",
				);
				PRODUCT_BUNDLE_IDENTIFIER = com.rainzhong.SwiftUI30;
				PRODUCT_NAME = "$(TARGET_NAME)";
				SWIFT_VERSION = 5.0;
				TARGETED_DEVICE_FAMILY = "1,2";
			};
			name = Debug;
		};
		C599FE422326502600F83BCC /* Release */ = {
			isa = XCBuildConfiguration;
			buildSettings = {
				ASSETCATALOG_COMPILER_APPICON_NAME = AppIcon;
				CODE_SIGN_STYLE = Automatic;
				DEVELOPMENT_ASSET_PATHS = "\"SwiftUI30/Preview Content\"";
				DEVELOPMENT_TEAM = C298SCCV42;
				ENABLE_PREVIEWS = YES;
				INFOPLIST_FILE = SwiftUI30/Info.plist;
				LD_RUNPATH_SEARCH_PATHS = (
					"$(inherited)",
					"@executable_path/Frameworks",
				);
				PRODUCT_BUNDLE_IDENTIFIER = com.rainzhong.SwiftUI30;
				PRODUCT_NAME = "$(TARGET_NAME)";
				SWIFT_VERSION = 5.0;
				TARGETED_DEVICE_FAMILY = "1,2";
			};
			name = Release;
		};
/* End XCBuildConfiguration section */

/* Begin XCConfigurationList section */
		C599FE272326502200F83BCC /* Build configuration list for PBXProject "SwiftUI30" */ = {
			isa = XCConfigurationList;
			buildConfigurations = (
				C599FE3E2326502600F83BCC /* Debug */,
				C599FE3F2326502600F83BCC /* Release */,
			);
			defaultConfigurationIsVisible = 0;
			defaultConfigurationName = Release;
		};
		C599FE402326502600F83BCC /* Build configuration list for PBXNativeTarget "SwiftUI30" */ = {
			isa = XCConfigurationList;
			buildConfigurations = (
				C599FE412326502600F83BCC /* Debug */,
				C599FE422326502600F83BCC /* Release */,
			);
			defaultConfigurationIsVisible = 0;
			defaultConfigurationName = Release;
		};
/* End XCConfigurationList section */
	};
	rootObject = C599FE242326502200F83BCC /* Project object */;
}
